<Solution>
  <Configurations>
    <Platform Name="Any CPU" />
    <Platform Name="x64" />
    <Platform Name="x86" />
  </Configurations>
  <Folder Name="/Core/">
    <Project Path="Consequences.Benchmarks/Consequences.Benchmarks.csproj" />
    <Project Path="Consequences/Consequences.csproj" />
  </Folder>
</Solution>
